
Microsoft Visual Studio Solution File, Format Version 12.00
# Visual Studio Version 17
VisualStudioVersion = 17.6.33801.468
MinimumVisualStudioVersion = 10.0.40219.1
Project("{FAE04EC0-301F-11D3-BF4B-00C04F79EFBC}") = "RubberDuckGPT", "RubberDuckGPT.csproj", "{4F4F5403-7306-4664-A911-7D94FB28FE67}"
EndProject
Global
	GlobalSection(SolutionConfigurationPlatforms) = preSolution
		Debug|Any CPU = Debug|Any CPU
		Release|Any CPU = Release|Any CPU
	EndGlobalSection
	GlobalSection(ProjectConfigurationPlatforms) = postSolution
		{4F4F5403-7306-4664-A911-7D94FB28FE67}.Debug|Any CPU.ActiveCfg = Debug|Any CPU
		{4F4F5403-7306-4664-A911-7D94FB28FE67}.Debug|Any CPU.Build.0 = Debug|Any CPU
		{4F4F5403-7306-4664-A911-7D94FB28FE67}.Release|Any CPU.ActiveCfg = Release|Any CPU
		{4F4F5403-7306-4664-A911-7D94FB28FE67}.Release|Any CPU.Build.0 = Release|Any CPU
	EndGlobalSection
	GlobalSection(SolutionProperties) = preSolution
		HideSolutionNode = FALSE
	EndGlobalSection
	GlobalSection(ExtensibilityGlobals) = postSolution
		SolutionGuid = {E2917302-D1DA-4474-BF8A-518FCC85BB1E}
	EndGlobalSection
EndGlobal
